
Microsoft Visual Studio Solution File, Format Version 12.00
# Visual Studio Version 16
VisualStudioVersion = 16.0.29806.167
MinimumVisualStudioVersion = 10.0.40219.1
Project("{9A19103F-16F7-4668-BE54-9A1E7A4F7556}") = "PowerLifting.API", "PowerLifting.API\PowerLifting.API.csproj", "{AD37FAC0-554C-40BC-A91D-D5FAFF732211}"
EndProject
Project("{9A19103F-16F7-4668-BE54-9A1E7A4F7556}") = "PowerLifting.UnitTests", "PowerLifting.UnitTests\PowerLifting.UnitTests.csproj", "{40715765-DD96-4BB6-8FBD-E142DBBA044D}"
EndProject
Project("{9A19103F-16F7-4668-BE54-9A1E7A4F7556}") = "PowerLifting.LoggerService", "PowerLifting.LoggerService\PowerLifting.LoggerService.csproj", "{0CB61182-DCB3-4DB1-A744-FA0578B6E0EF}"
EndProject
Project("{9A19103F-16F7-4668-BE54-9A1E7A4F7556}") = "PowerLifting.Persistence", "PowerLifting.Persistence\PowerLifting.Persistence.csproj", "{E82D8BBC-D50B-48BB-A0EC-AD86F434EF13}"
EndProject
Project("{9A19103F-16F7-4668-BE54-9A1E7A4F7556}") = "PowerLifting.ProgramLogs.Service", "PowerLifting.Service.ProgramLogs\PowerLifting.ProgramLogs.Service\PowerLifting.ProgramLogs.Service.csproj", "{FBD6C701-2AD3-44D9-9268-41DC9A4D8709}"
EndProject
Project("{9A19103F-16F7-4668-BE54-9A1E7A4F7556}") = "PowerLifting.ProgramLogs.Repository", "PowerLifting.Service.ProgramLogs\PowerLifting.ProgramLogs.Service\PowerLifting.ProgramLogs.Repository\PowerLifting.ProgramLogs.Repository.csproj", "{BC306148-C981-41B1-A59E-A51BD76F5F1C}"
EndProject
Project("{9A19103F-16F7-4668-BE54-9A1E7A4F7556}") = "PowerLifting.Common", "PowerLifting.Common\PowerLifting.Common.csproj", "{C9C4968C-2BB8-4777-A443-9823CE1104EF}"
EndProject
Project("{9A19103F-16F7-4668-BE54-9A1E7A4F7556}") = "PowerLifting.TemplatePrograms.Repository", "PowerLifting.TemplatePrograms.Repository\PowerLifting.TemplatePrograms.Repository.csproj", "{E02310B0-1347-43EB-9579-DA9B6A85DEBA}"
EndProject
Project("{9A19103F-16F7-4668-BE54-9A1E7A4F7556}") = "PowerLifting.TemplatePrograms.Service", "PowerLifting.TemplatePrograms.Service\PowerLifting.TemplatePrograms.Service.csproj", "{65D7E0A4-EFE8-4D1C-9C99-FB940B6C50B3}"
EndProject
Project("{9A19103F-16F7-4668-BE54-9A1E7A4F7556}") = "PowerLifting.Systems.Repository", "PowerLifting.Systems.Repository\PowerLifting.Systems.Repository.csproj", "{54FBB531-A9DB-4138-BE3F-6A432589F323}"
EndProject
Project("{9A19103F-16F7-4668-BE54-9A1E7A4F7556}") = "PowerLifting.Systems.Service", "PowerLifting.Systems.Service\PowerLifting.Systems.Service.csproj", "{B5E7000C-CE33-4887-AEA9-3DCD4ABCA3EF}"
EndProject
Project("{9A19103F-16F7-4668-BE54-9A1E7A4F7556}") = "PowerLifting.LiftingStats.Repository", "PowerLifting.LiftingStats.Repository\PowerLifting.LiftingStats.Repository.csproj", "{CCECBC01-B1A9-4201-99FD-88A5473202C3}"
EndProject
Project("{9A19103F-16F7-4668-BE54-9A1E7A4F7556}") = "PowerLifting.LiftingStats.Service", "PowerLifting.LiftingStats.Service\PowerLifting.LiftingStats.Service.csproj", "{65E506EE-CD9E-4869-B0DA-24EF528C940E}"
EndProject
Project("{9A19103F-16F7-4668-BE54-9A1E7A4F7556}") = "PowerLifting.Accounts.Repository", "PowerLifting.Accounts.Repository\PowerLifting.Accounts.Repository.csproj", "{026D9031-9089-4872-B950-D4ADCEB20C1A}"
EndProject
Project("{9A19103F-16F7-4668-BE54-9A1E7A4F7556}") = "PowerLifting.Accounts.Service", "PowerLifting.Accounts.Service\PowerLifting.Accounts.Service.csproj", "{64FB3DF1-FFC9-4D90-B02E-6C7ED48C2B4A}"
EndProject
Project("{9A19103F-16F7-4668-BE54-9A1E7A4F7556}") = "PowerLifting.SignalR", "PowerLifting.SignalR\PowerLifting.SignalR.csproj", "{A7DFE890-28B2-49C7-8D17-6403BAF1FCAB}"
EndProject
Project("{9A19103F-16F7-4668-BE54-9A1E7A4F7556}") = "PowerLifting.Data", "PowerLifting.Data\PowerLifting.Data.csproj", "{3555D58B-6855-4422-BC83-C011F56445BC}"
EndProject
Project("{9A19103F-16F7-4668-BE54-9A1E7A4F7556}") = "PowerLifting.Exercises.Service", "PowerLifting.Exercises.Service\PowerLifting.Exercises.Service.csproj", "{84CC9411-98DE-4D7B-8DE9-C2F4FCE2A77F}"
EndProject
Project("{2150E333-8FDC-42A3-9474-1A3956D46DE8}") = "Application", "Application", "{39B0BAED-594C-4D76-AA92-75CBC53013DD}"
EndProject
Global
	GlobalSection(SolutionConfigurationPlatforms) = preSolution
		Debug|Any CPU = Debug|Any CPU
		Release|Any CPU = Release|Any CPU
	EndGlobalSection
	GlobalSection(ProjectConfigurationPlatforms) = postSolution
		{AD37FAC0-554C-40BC-A91D-D5FAFF732211}.Debug|Any CPU.ActiveCfg = Debug|Any CPU
		{AD37FAC0-554C-40BC-A91D-D5FAFF732211}.Debug|Any CPU.Build.0 = Debug|Any CPU
		{AD37FAC0-554C-40BC-A91D-D5FAFF732211}.Release|Any CPU.ActiveCfg = Release|Any CPU
		{AD37FAC0-554C-40BC-A91D-D5FAFF732211}.Release|Any CPU.Build.0 = Release|Any CPU
		{40715765-DD96-4BB6-8FBD-E142DBBA044D}.Debug|Any CPU.ActiveCfg = Debug|Any CPU
		{40715765-DD96-4BB6-8FBD-E142DBBA044D}.Debug|Any CPU.Build.0 = Debug|Any CPU
		{40715765-DD96-4BB6-8FBD-E142DBBA044D}.Release|Any CPU.ActiveCfg = Release|Any CPU
		{40715765-DD96-4BB6-8FBD-E142DBBA044D}.Release|Any CPU.Build.0 = Release|Any CPU
		{0CB61182-DCB3-4DB1-A744-FA0578B6E0EF}.Debug|Any CPU.ActiveCfg = Debug|Any CPU
		{0CB61182-DCB3-4DB1-A744-FA0578B6E0EF}.Debug|Any CPU.Build.0 = Debug|Any CPU
		{0CB61182-DCB3-4DB1-A744-FA0578B6E0EF}.Release|Any CPU.ActiveCfg = Release|Any CPU
		{0CB61182-DCB3-4DB1-A744-FA0578B6E0EF}.Release|Any CPU.Build.0 = Release|Any CPU
		{E82D8BBC-D50B-48BB-A0EC-AD86F434EF13}.Debug|Any CPU.ActiveCfg = Debug|Any CPU
		{E82D8BBC-D50B-48BB-A0EC-AD86F434EF13}.Debug|Any CPU.Build.0 = Debug|Any CPU
		{E82D8BBC-D50B-48BB-A0EC-AD86F434EF13}.Release|Any CPU.ActiveCfg = Release|Any CPU
		{E82D8BBC-D50B-48BB-A0EC-AD86F434EF13}.Release|Any CPU.Build.0 = Release|Any CPU
		{FBD6C701-2AD3-44D9-9268-41DC9A4D8709}.Debug|Any CPU.ActiveCfg = Debug|Any CPU
		{FBD6C701-2AD3-44D9-9268-41DC9A4D8709}.Debug|Any CPU.Build.0 = Debug|Any CPU
		{FBD6C701-2AD3-44D9-9268-41DC9A4D8709}.Release|Any CPU.ActiveCfg = Release|Any CPU
		{FBD6C701-2AD3-44D9-9268-41DC9A4D8709}.Release|Any CPU.Build.0 = Release|Any CPU
		{BC306148-C981-41B1-A59E-A51BD76F5F1C}.Debug|Any CPU.ActiveCfg = Debug|Any CPU
		{BC306148-C981-41B1-A59E-A51BD76F5F1C}.Debug|Any CPU.Build.0 = Debug|Any CPU
		{BC306148-C981-41B1-A59E-A51BD76F5F1C}.Release|Any CPU.ActiveCfg = Release|Any CPU
		{BC306148-C981-41B1-A59E-A51BD76F5F1C}.Release|Any CPU.Build.0 = Release|Any CPU
		{C9C4968C-2BB8-4777-A443-9823CE1104EF}.Debug|Any CPU.ActiveCfg = Debug|Any CPU
		{C9C4968C-2BB8-4777-A443-9823CE1104EF}.Debug|Any CPU.Build.0 = Debug|Any CPU
		{C9C4968C-2BB8-4777-A443-9823CE1104EF}.Release|Any CPU.ActiveCfg = Release|Any CPU
		{C9C4968C-2BB8-4777-A443-9823CE1104EF}.Release|Any CPU.Build.0 = Release|Any CPU
		{E02310B0-1347-43EB-9579-DA9B6A85DEBA}.Debug|Any CPU.ActiveCfg = Debug|Any CPU
		{E02310B0-1347-43EB-9579-DA9B6A85DEBA}.Debug|Any CPU.Build.0 = Debug|Any CPU
		{E02310B0-1347-43EB-9579-DA9B6A85DEBA}.Release|Any CPU.ActiveCfg = Release|Any CPU
		{E02310B0-1347-43EB-9579-DA9B6A85DEBA}.Release|Any CPU.Build.0 = Release|Any CPU
		{65D7E0A4-EFE8-4D1C-9C99-FB940B6C50B3}.Debug|Any CPU.ActiveCfg = Debug|Any CPU
		{65D7E0A4-EFE8-4D1C-9C99-FB940B6C50B3}.Debug|Any CPU.Build.0 = Debug|Any CPU
		{65D7E0A4-EFE8-4D1C-9C99-FB940B6C50B3}.Release|Any CPU.ActiveCfg = Release|Any CPU
		{65D7E0A4-EFE8-4D1C-9C99-FB940B6C50B3}.Release|Any CPU.Build.0 = Release|Any CPU
		{54FBB531-A9DB-4138-BE3F-6A432589F323}.Debug|Any CPU.ActiveCfg = Debug|Any CPU
		{54FBB531-A9DB-4138-BE3F-6A432589F323}.Debug|Any CPU.Build.0 = Debug|Any CPU
		{54FBB531-A9DB-4138-BE3F-6A432589F323}.Release|Any CPU.ActiveCfg = Release|Any CPU
		{54FBB531-A9DB-4138-BE3F-6A432589F323}.Release|Any CPU.Build.0 = Release|Any CPU
		{B5E7000C-CE33-4887-AEA9-3DCD4ABCA3EF}.Debug|Any CPU.ActiveCfg = Debug|Any CPU
		{B5E7000C-CE33-4887-AEA9-3DCD4ABCA3EF}.Debug|Any CPU.Build.0 = Debug|Any CPU
		{B5E7000C-CE33-4887-AEA9-3DCD4ABCA3EF}.Release|Any CPU.ActiveCfg = Release|Any CPU
		{B5E7000C-CE33-4887-AEA9-3DCD4ABCA3EF}.Release|Any CPU.Build.0 = Release|Any CPU
		{CCECBC01-B1A9-4201-99FD-88A5473202C3}.Debug|Any CPU.ActiveCfg = Debug|Any CPU
		{CCECBC01-B1A9-4201-99FD-88A5473202C3}.Debug|Any CPU.Build.0 = Debug|Any CPU
		{CCECBC01-B1A9-4201-99FD-88A5473202C3}.Release|Any CPU.ActiveCfg = Release|Any CPU
		{CCECBC01-B1A9-4201-99FD-88A5473202C3}.Release|Any CPU.Build.0 = Release|Any CPU
		{65E506EE-CD9E-4869-B0DA-24EF528C940E}.Debug|Any CPU.ActiveCfg = Debug|Any CPU
		{65E506EE-CD9E-4869-B0DA-24EF528C940E}.Debug|Any CPU.Build.0 = Debug|Any CPU
		{65E506EE-CD9E-4869-B0DA-24EF528C940E}.Release|Any CPU.ActiveCfg = Release|Any CPU
		{65E506EE-CD9E-4869-B0DA-24EF528C940E}.Release|Any CPU.Build.0 = Release|Any CPU
		{026D9031-9089-4872-B950-D4ADCEB20C1A}.Debug|Any CPU.ActiveCfg = Debug|Any CPU
		{026D9031-9089-4872-B950-D4ADCEB20C1A}.Debug|Any CPU.Build.0 = Debug|Any CPU
		{026D9031-9089-4872-B950-D4ADCEB20C1A}.Release|Any CPU.ActiveCfg = Release|Any CPU
		{026D9031-9089-4872-B950-D4ADCEB20C1A}.Release|Any CPU.Build.0 = Release|Any CPU
		{64FB3DF1-FFC9-4D90-B02E-6C7ED48C2B4A}.Debug|Any CPU.ActiveCfg = Debug|Any CPU
		{64FB3DF1-FFC9-4D90-B02E-6C7ED48C2B4A}.Debug|Any CPU.Build.0 = Debug|Any CPU
		{64FB3DF1-FFC9-4D90-B02E-6C7ED48C2B4A}.Release|Any CPU.ActiveCfg = Release|Any CPU
		{64FB3DF1-FFC9-4D90-B02E-6C7ED48C2B4A}.Release|Any CPU.Build.0 = Release|Any CPU
		{A7DFE890-28B2-49C7-8D17-6403BAF1FCAB}.Debug|Any CPU.ActiveCfg = Debug|Any CPU
		{A7DFE890-28B2-49C7-8D17-6403BAF1FCAB}.Debug|Any CPU.Build.0 = Debug|Any CPU
		{A7DFE890-28B2-49C7-8D17-6403BAF1FCAB}.Release|Any CPU.ActiveCfg = Release|Any CPU
		{A7DFE890-28B2-49C7-8D17-6403BAF1FCAB}.Release|Any CPU.Build.0 = Release|Any CPU
		{3555D58B-6855-4422-BC83-C011F56445BC}.Debug|Any CPU.ActiveCfg = Debug|Any CPU
		{3555D58B-6855-4422-BC83-C011F56445BC}.Debug|Any CPU.Build.0 = Debug|Any CPU
		{3555D58B-6855-4422-BC83-C011F56445BC}.Release|Any CPU.ActiveCfg = Release|Any CPU
		{3555D58B-6855-4422-BC83-C011F56445BC}.Release|Any CPU.Build.0 = Release|Any CPU
		{84CC9411-98DE-4D7B-8DE9-C2F4FCE2A77F}.Debug|Any CPU.ActiveCfg = Debug|Any CPU
		{84CC9411-98DE-4D7B-8DE9-C2F4FCE2A77F}.Debug|Any CPU.Build.0 = Debug|Any CPU
		{84CC9411-98DE-4D7B-8DE9-C2F4FCE2A77F}.Release|Any CPU.ActiveCfg = Release|Any CPU
		{84CC9411-98DE-4D7B-8DE9-C2F4FCE2A77F}.Release|Any CPU.Build.0 = Release|Any CPU
	EndGlobalSection
	GlobalSection(SolutionProperties) = preSolution
		HideSolutionNode = FALSE
	EndGlobalSection
	GlobalSection(NestedProjects) = preSolution
		{FBD6C701-2AD3-44D9-9268-41DC9A4D8709} = {39B0BAED-594C-4D76-AA92-75CBC53013DD}
		{BC306148-C981-41B1-A59E-A51BD76F5F1C} = {39B0BAED-594C-4D76-AA92-75CBC53013DD}
		{E02310B0-1347-43EB-9579-DA9B6A85DEBA} = {39B0BAED-594C-4D76-AA92-75CBC53013DD}
		{65D7E0A4-EFE8-4D1C-9C99-FB940B6C50B3} = {39B0BAED-594C-4D76-AA92-75CBC53013DD}
		{54FBB531-A9DB-4138-BE3F-6A432589F323} = {39B0BAED-594C-4D76-AA92-75CBC53013DD}
		{B5E7000C-CE33-4887-AEA9-3DCD4ABCA3EF} = {39B0BAED-594C-4D76-AA92-75CBC53013DD}
		{CCECBC01-B1A9-4201-99FD-88A5473202C3} = {39B0BAED-594C-4D76-AA92-75CBC53013DD}
		{65E506EE-CD9E-4869-B0DA-24EF528C940E} = {39B0BAED-594C-4D76-AA92-75CBC53013DD}
		{026D9031-9089-4872-B950-D4ADCEB20C1A} = {39B0BAED-594C-4D76-AA92-75CBC53013DD}
		{64FB3DF1-FFC9-4D90-B02E-6C7ED48C2B4A} = {39B0BAED-594C-4D76-AA92-75CBC53013DD}
		{84CC9411-98DE-4D7B-8DE9-C2F4FCE2A77F} = {39B0BAED-594C-4D76-AA92-75CBC53013DD}
	EndGlobalSection
	GlobalSection(ExtensibilityGlobals) = postSolution
		SolutionGuid = {5724747C-09D0-4C77-B6AA-EA64EB0A2EF6}
	EndGlobalSection
EndGlobal
