
Microsoft Visual Studio Solution File, Format Version 12.00
# Visual Studio Version 16
VisualStudioVersion = 16.0.29806.167
MinimumVisualStudioVersion = 10.0.40219.1
Project("{9A19103F-16F7-4668-BE54-9A1E7A4F7556}") = "PowerLifting.API", "PowerLifting.API\PowerLifting.API.csproj", "{AD37FAC0-554C-40BC-A91D-D5FAFF732211}"
EndProject
Project("{9A19103F-16F7-4668-BE54-9A1E7A4F7556}") = "PowerLifting.LoggerService", "PowerLifting.LoggerService\PowerLifting.LoggerService.csproj", "{0CB61182-DCB3-4DB1-A744-FA0578B6E0EF}"
EndProject
Project("{9A19103F-16F7-4668-BE54-9A1E7A4F7556}") = "PowerLifting.Persistence", "PowerLifting.Persistence\PowerLifting.Persistence.csproj", "{E82D8BBC-D50B-48BB-A0EC-AD86F434EF13}"
EndProject
Project("{9A19103F-16F7-4668-BE54-9A1E7A4F7556}") = "PowerLifting.ProgramLogs.Service", "PowerLifting.Service.ProgramLogs\PowerLifting.ProgramLogs.Service\PowerLifting.ProgramLogs.Service.csproj", "{FBD6C701-2AD3-44D9-9268-41DC9A4D8709}"
EndProject
Project("{9A19103F-16F7-4668-BE54-9A1E7A4F7556}") = "PowerLifting.Common", "PowerLifting.Common\PowerLifting.Common.csproj", "{C9C4968C-2BB8-4777-A443-9823CE1104EF}"
EndProject
Project("{9A19103F-16F7-4668-BE54-9A1E7A4F7556}") = "PowerLifting.TemplatePrograms.Service", "PowerLifting.TemplatePrograms.Service\PowerLifting.TemplatePrograms.Service.csproj", "{65D7E0A4-EFE8-4D1C-9C99-FB940B6C50B3}"
EndProject
Project("{9A19103F-16F7-4668-BE54-9A1E7A4F7556}") = "PowerLifting.Systems.Service", "PowerLifting.Systems.Service\PowerLifting.Systems.Service.csproj", "{B5E7000C-CE33-4887-AEA9-3DCD4ABCA3EF}"
EndProject
Project("{9A19103F-16F7-4668-BE54-9A1E7A4F7556}") = "PowerLifting.Accounts.Service", "PowerLifting.Accounts.Service\PowerLifting.Accounts.Service.csproj", "{64FB3DF1-FFC9-4D90-B02E-6C7ED48C2B4A}"
EndProject
Project("{9A19103F-16F7-4668-BE54-9A1E7A4F7556}") = "PowerLifting.SignalR", "PowerLifting.SignalR\PowerLifting.SignalR.csproj", "{A7DFE890-28B2-49C7-8D17-6403BAF1FCAB}"
EndProject
Project("{9A19103F-16F7-4668-BE54-9A1E7A4F7556}") = "PowerLifting.Data", "PowerLifting.Data\PowerLifting.Data.csproj", "{3555D58B-6855-4422-BC83-C011F56445BC}"
EndProject
Project("{2150E333-8FDC-42A3-9474-1A3956D46DE8}") = "Application", "Application", "{39B0BAED-594C-4D76-AA92-75CBC53013DD}"
EndProject
Project("{9A19103F-16F7-4668-BE54-9A1E7A4F7556}") = "PowerLifting.Exercises.Service.UnitTests", "PowerLifting.Exercises.Service.UnitTests\PowerLifting.Exercises.Service.UnitTests.csproj", "{A0838055-D951-4DD8-8D50-5AAE6F32D29F}"
EndProject
Project("{9A19103F-16F7-4668-BE54-9A1E7A4F7556}") = "PowerLifting.Data.Builders", "PowerLifting.Data.Builders\PowerLifting.Data.Builders.csproj", "{D3C647FF-EEB0-4B0C-8C2A-B32901263B58}"
EndProject
Project("{9A19103F-16F7-4668-BE54-9A1E7A4F7556}") = "PowerLifting.API.UnitTests", "PowerLifting.API.UnitTests\PowerLifting.API.UnitTests.csproj", "{5C1C344C-8B32-4DF8-9E97-0548A8A97C4E}"
EndProject
Project("{9A19103F-16F7-4668-BE54-9A1E7A4F7556}") = "PowerLifting.Accounts.Service.UnitTests", "PowerLifting.Accounts.Service.UnitTests\PowerLifting.Accounts.Service.UnitTests.csproj", "{AACBF9FD-30CE-4C84-9622-DC7C9D689AD6}"
EndProject
Project("{2150E333-8FDC-42A3-9474-1A3956D46DE8}") = "Mediatr", "Mediatr", "{F184F21A-0499-4782-BB23-5A08B4AB5957}"
EndProject
Project("{9A19103F-16F7-4668-BE54-9A1E7A4F7556}") = "PowerLifting.MediatR.Exercises", "PowerLifting.MediatR.Exercises\PowerLifting.MediatR.Exercises.csproj", "{5A98542E-EBF7-4595-BF9F-9A9361C946DA}"
EndProject
Project("{9A19103F-16F7-4668-BE54-9A1E7A4F7556}") = "PowerLifting.MediatR.ExerciseMuscleGroups", "PowerLifting.MediatR.ExerciseMuscleGroups\PowerLifting.MediatR.ExerciseMuscleGroups.csproj", "{935CBF63-4896-4A4B-9058-B1FFE26672AA}"
EndProject
Project("{9A19103F-16F7-4668-BE54-9A1E7A4F7556}") = "PowerLifting.MediatR.ExerciseTypes", "PowerLifting.MediatR.ExerciseTypes\PowerLifting.MediatR.ExerciseTypes.csproj", "{BFA4A0DD-2F45-4143-9138-CE601A957AE8}"
EndProject
Project("{9A19103F-16F7-4668-BE54-9A1E7A4F7556}") = "PowerLifting.MediatR.ProgramLogs", "PowerLifting.MediatR.ProgramLogs\PowerLifting.MediatR.ProgramLogs.csproj", "{BC906858-EA9B-41F2-BE8F-C42E52322437}"
EndProject
Project("{9A19103F-16F7-4668-BE54-9A1E7A4F7556}") = "PowerLifting.MediatR.ProgramLogExercises", "PowerLifting.MediatR.ProgramLogExercises\PowerLifting.MediatR.ProgramLogExercises.csproj", "{830612A3-6C1A-455D-B034-9B5E228AAA18}"
EndProject
Project("{9A19103F-16F7-4668-BE54-9A1E7A4F7556}") = "PowerLifting.MediatR.ProgramLogDays", "PowerLifting.MediatR.ProgramLogDays\PowerLifting.MediatR.ProgramLogDays.csproj", "{2DF587CA-69BD-4F88-A0C6-8F191007E41C}"
EndProject
Project("{9A19103F-16F7-4668-BE54-9A1E7A4F7556}") = "PowerLifting.MediatR.ProgramLogWeeks", "PowerLifting.MediatR.ProgramLogWeeks\PowerLifting.MediatR.ProgramLogWeeks.csproj", "{FC2C581F-20F1-4081-BF92-36F0AB4D60B6}"
EndProject
Project("{9A19103F-16F7-4668-BE54-9A1E7A4F7556}") = "PowerLifting.MediatR.Notifications", "PowerLifting.MediatR.Notifications\PowerLifting.MediatR.Notifications.csproj", "{2686442F-33A2-4028-927F-A6B71CFDD534}"
EndProject
Project("{9A19103F-16F7-4668-BE54-9A1E7A4F7556}") = "PowerLifting.MediatR.ProgramLogRepSchemes", "PowerLifting.MediatR.ProgramLogRepSchemes\PowerLifting.MediatR.ProgramLogRepSchemes.csproj", "{64665AE8-729D-4744-9950-3F4C1F75749F}"
EndProject
Project("{9A19103F-16F7-4668-BE54-9A1E7A4F7556}") = "PowerLifting.MediatR.FriendsLists", "PowerLifting.MediatR.FriendsLists\PowerLifting.MediatR.FriendsLists.csproj", "{F4D50974-A7A4-40CE-B91B-96BEE8466D6E}"
EndProject
Project("{9A19103F-16F7-4668-BE54-9A1E7A4F7556}") = "PowerLifting.MediatR.Users", "PowerLifting.MediatR.Users\PowerLifting.MediatR.Users.csproj", "{4067D978-F133-4F42-92AD-30032EB0A215}"
EndProject
Project("{9A19103F-16F7-4668-BE54-9A1E7A4F7556}") = "PowerLifting.MediatR.TemplatePrograms", "PowerLifting.MediatR.TemplatePrograms\PowerLifting.MediatR.TemplatePrograms.csproj", "{4DF530A3-3A8F-4670-856F-17D53F442400}"
EndProject
Project("{9A19103F-16F7-4668-BE54-9A1E7A4F7556}") = "PowerLifting.MediatR.LiftingStats", "PowerLifting.MediatR.LiftingStats\PowerLifting.MediatR.LiftingStats.csproj", "{B58D03BC-479C-490C-8F2F-D2958241B6C8}"
EndProject
Global
	GlobalSection(SolutionConfigurationPlatforms) = preSolution
		Debug|Any CPU = Debug|Any CPU
		Release|Any CPU = Release|Any CPU
	EndGlobalSection
	GlobalSection(ProjectConfigurationPlatforms) = postSolution
		{AD37FAC0-554C-40BC-A91D-D5FAFF732211}.Debug|Any CPU.ActiveCfg = Debug|Any CPU
		{AD37FAC0-554C-40BC-A91D-D5FAFF732211}.Debug|Any CPU.Build.0 = Debug|Any CPU
		{AD37FAC0-554C-40BC-A91D-D5FAFF732211}.Release|Any CPU.ActiveCfg = Release|Any CPU
		{AD37FAC0-554C-40BC-A91D-D5FAFF732211}.Release|Any CPU.Build.0 = Release|Any CPU
		{0CB61182-DCB3-4DB1-A744-FA0578B6E0EF}.Debug|Any CPU.ActiveCfg = Debug|Any CPU
		{0CB61182-DCB3-4DB1-A744-FA0578B6E0EF}.Debug|Any CPU.Build.0 = Debug|Any CPU
		{0CB61182-DCB3-4DB1-A744-FA0578B6E0EF}.Release|Any CPU.ActiveCfg = Release|Any CPU
		{0CB61182-DCB3-4DB1-A744-FA0578B6E0EF}.Release|Any CPU.Build.0 = Release|Any CPU
		{E82D8BBC-D50B-48BB-A0EC-AD86F434EF13}.Debug|Any CPU.ActiveCfg = Debug|Any CPU
		{E82D8BBC-D50B-48BB-A0EC-AD86F434EF13}.Debug|Any CPU.Build.0 = Debug|Any CPU
		{E82D8BBC-D50B-48BB-A0EC-AD86F434EF13}.Release|Any CPU.ActiveCfg = Release|Any CPU
		{E82D8BBC-D50B-48BB-A0EC-AD86F434EF13}.Release|Any CPU.Build.0 = Release|Any CPU
		{FBD6C701-2AD3-44D9-9268-41DC9A4D8709}.Debug|Any CPU.ActiveCfg = Debug|Any CPU
		{FBD6C701-2AD3-44D9-9268-41DC9A4D8709}.Debug|Any CPU.Build.0 = Debug|Any CPU
		{FBD6C701-2AD3-44D9-9268-41DC9A4D8709}.Release|Any CPU.ActiveCfg = Release|Any CPU
		{FBD6C701-2AD3-44D9-9268-41DC9A4D8709}.Release|Any CPU.Build.0 = Release|Any CPU
		{C9C4968C-2BB8-4777-A443-9823CE1104EF}.Debug|Any CPU.ActiveCfg = Debug|Any CPU
		{C9C4968C-2BB8-4777-A443-9823CE1104EF}.Debug|Any CPU.Build.0 = Debug|Any CPU
		{C9C4968C-2BB8-4777-A443-9823CE1104EF}.Release|Any CPU.ActiveCfg = Release|Any CPU
		{C9C4968C-2BB8-4777-A443-9823CE1104EF}.Release|Any CPU.Build.0 = Release|Any CPU
		{65D7E0A4-EFE8-4D1C-9C99-FB940B6C50B3}.Debug|Any CPU.ActiveCfg = Debug|Any CPU
		{65D7E0A4-EFE8-4D1C-9C99-FB940B6C50B3}.Debug|Any CPU.Build.0 = Debug|Any CPU
		{65D7E0A4-EFE8-4D1C-9C99-FB940B6C50B3}.Release|Any CPU.ActiveCfg = Release|Any CPU
		{65D7E0A4-EFE8-4D1C-9C99-FB940B6C50B3}.Release|Any CPU.Build.0 = Release|Any CPU
		{B5E7000C-CE33-4887-AEA9-3DCD4ABCA3EF}.Debug|Any CPU.ActiveCfg = Debug|Any CPU
		{B5E7000C-CE33-4887-AEA9-3DCD4ABCA3EF}.Debug|Any CPU.Build.0 = Debug|Any CPU
		{B5E7000C-CE33-4887-AEA9-3DCD4ABCA3EF}.Release|Any CPU.ActiveCfg = Release|Any CPU
		{B5E7000C-CE33-4887-AEA9-3DCD4ABCA3EF}.Release|Any CPU.Build.0 = Release|Any CPU
		{64FB3DF1-FFC9-4D90-B02E-6C7ED48C2B4A}.Debug|Any CPU.ActiveCfg = Debug|Any CPU
		{64FB3DF1-FFC9-4D90-B02E-6C7ED48C2B4A}.Debug|Any CPU.Build.0 = Debug|Any CPU
		{64FB3DF1-FFC9-4D90-B02E-6C7ED48C2B4A}.Release|Any CPU.ActiveCfg = Release|Any CPU
		{64FB3DF1-FFC9-4D90-B02E-6C7ED48C2B4A}.Release|Any CPU.Build.0 = Release|Any CPU
		{A7DFE890-28B2-49C7-8D17-6403BAF1FCAB}.Debug|Any CPU.ActiveCfg = Debug|Any CPU
		{A7DFE890-28B2-49C7-8D17-6403BAF1FCAB}.Debug|Any CPU.Build.0 = Debug|Any CPU
		{A7DFE890-28B2-49C7-8D17-6403BAF1FCAB}.Release|Any CPU.ActiveCfg = Release|Any CPU
		{A7DFE890-28B2-49C7-8D17-6403BAF1FCAB}.Release|Any CPU.Build.0 = Release|Any CPU
		{3555D58B-6855-4422-BC83-C011F56445BC}.Debug|Any CPU.ActiveCfg = Debug|Any CPU
		{3555D58B-6855-4422-BC83-C011F56445BC}.Debug|Any CPU.Build.0 = Debug|Any CPU
		{3555D58B-6855-4422-BC83-C011F56445BC}.Release|Any CPU.ActiveCfg = Release|Any CPU
		{3555D58B-6855-4422-BC83-C011F56445BC}.Release|Any CPU.Build.0 = Release|Any CPU
		{A0838055-D951-4DD8-8D50-5AAE6F32D29F}.Debug|Any CPU.ActiveCfg = Debug|Any CPU
		{A0838055-D951-4DD8-8D50-5AAE6F32D29F}.Debug|Any CPU.Build.0 = Debug|Any CPU
		{A0838055-D951-4DD8-8D50-5AAE6F32D29F}.Release|Any CPU.ActiveCfg = Release|Any CPU
		{A0838055-D951-4DD8-8D50-5AAE6F32D29F}.Release|Any CPU.Build.0 = Release|Any CPU
		{D3C647FF-EEB0-4B0C-8C2A-B32901263B58}.Debug|Any CPU.ActiveCfg = Debug|Any CPU
		{D3C647FF-EEB0-4B0C-8C2A-B32901263B58}.Debug|Any CPU.Build.0 = Debug|Any CPU
		{D3C647FF-EEB0-4B0C-8C2A-B32901263B58}.Release|Any CPU.ActiveCfg = Release|Any CPU
		{D3C647FF-EEB0-4B0C-8C2A-B32901263B58}.Release|Any CPU.Build.0 = Release|Any CPU
		{5C1C344C-8B32-4DF8-9E97-0548A8A97C4E}.Debug|Any CPU.ActiveCfg = Debug|Any CPU
		{5C1C344C-8B32-4DF8-9E97-0548A8A97C4E}.Debug|Any CPU.Build.0 = Debug|Any CPU
		{5C1C344C-8B32-4DF8-9E97-0548A8A97C4E}.Release|Any CPU.ActiveCfg = Release|Any CPU
		{5C1C344C-8B32-4DF8-9E97-0548A8A97C4E}.Release|Any CPU.Build.0 = Release|Any CPU
		{AACBF9FD-30CE-4C84-9622-DC7C9D689AD6}.Debug|Any CPU.ActiveCfg = Debug|Any CPU
		{AACBF9FD-30CE-4C84-9622-DC7C9D689AD6}.Debug|Any CPU.Build.0 = Debug|Any CPU
		{AACBF9FD-30CE-4C84-9622-DC7C9D689AD6}.Release|Any CPU.ActiveCfg = Release|Any CPU
		{AACBF9FD-30CE-4C84-9622-DC7C9D689AD6}.Release|Any CPU.Build.0 = Release|Any CPU
		{5A98542E-EBF7-4595-BF9F-9A9361C946DA}.Debug|Any CPU.ActiveCfg = Debug|Any CPU
		{5A98542E-EBF7-4595-BF9F-9A9361C946DA}.Debug|Any CPU.Build.0 = Debug|Any CPU
		{5A98542E-EBF7-4595-BF9F-9A9361C946DA}.Release|Any CPU.ActiveCfg = Release|Any CPU
		{5A98542E-EBF7-4595-BF9F-9A9361C946DA}.Release|Any CPU.Build.0 = Release|Any CPU
		{935CBF63-4896-4A4B-9058-B1FFE26672AA}.Debug|Any CPU.ActiveCfg = Debug|Any CPU
		{935CBF63-4896-4A4B-9058-B1FFE26672AA}.Debug|Any CPU.Build.0 = Debug|Any CPU
		{935CBF63-4896-4A4B-9058-B1FFE26672AA}.Release|Any CPU.ActiveCfg = Release|Any CPU
		{935CBF63-4896-4A4B-9058-B1FFE26672AA}.Release|Any CPU.Build.0 = Release|Any CPU
		{BFA4A0DD-2F45-4143-9138-CE601A957AE8}.Debug|Any CPU.ActiveCfg = Debug|Any CPU
		{BFA4A0DD-2F45-4143-9138-CE601A957AE8}.Debug|Any CPU.Build.0 = Debug|Any CPU
		{BFA4A0DD-2F45-4143-9138-CE601A957AE8}.Release|Any CPU.ActiveCfg = Release|Any CPU
		{BFA4A0DD-2F45-4143-9138-CE601A957AE8}.Release|Any CPU.Build.0 = Release|Any CPU
		{BC906858-EA9B-41F2-BE8F-C42E52322437}.Debug|Any CPU.ActiveCfg = Debug|Any CPU
		{BC906858-EA9B-41F2-BE8F-C42E52322437}.Debug|Any CPU.Build.0 = Debug|Any CPU
		{BC906858-EA9B-41F2-BE8F-C42E52322437}.Release|Any CPU.ActiveCfg = Release|Any CPU
		{BC906858-EA9B-41F2-BE8F-C42E52322437}.Release|Any CPU.Build.0 = Release|Any CPU
		{830612A3-6C1A-455D-B034-9B5E228AAA18}.Debug|Any CPU.ActiveCfg = Debug|Any CPU
		{830612A3-6C1A-455D-B034-9B5E228AAA18}.Debug|Any CPU.Build.0 = Debug|Any CPU
		{830612A3-6C1A-455D-B034-9B5E228AAA18}.Release|Any CPU.ActiveCfg = Release|Any CPU
		{830612A3-6C1A-455D-B034-9B5E228AAA18}.Release|Any CPU.Build.0 = Release|Any CPU
		{2DF587CA-69BD-4F88-A0C6-8F191007E41C}.Debug|Any CPU.ActiveCfg = Debug|Any CPU
		{2DF587CA-69BD-4F88-A0C6-8F191007E41C}.Debug|Any CPU.Build.0 = Debug|Any CPU
		{2DF587CA-69BD-4F88-A0C6-8F191007E41C}.Release|Any CPU.ActiveCfg = Release|Any CPU
		{2DF587CA-69BD-4F88-A0C6-8F191007E41C}.Release|Any CPU.Build.0 = Release|Any CPU
		{FC2C581F-20F1-4081-BF92-36F0AB4D60B6}.Debug|Any CPU.ActiveCfg = Debug|Any CPU
		{FC2C581F-20F1-4081-BF92-36F0AB4D60B6}.Debug|Any CPU.Build.0 = Debug|Any CPU
		{FC2C581F-20F1-4081-BF92-36F0AB4D60B6}.Release|Any CPU.ActiveCfg = Release|Any CPU
		{FC2C581F-20F1-4081-BF92-36F0AB4D60B6}.Release|Any CPU.Build.0 = Release|Any CPU
		{2686442F-33A2-4028-927F-A6B71CFDD534}.Debug|Any CPU.ActiveCfg = Debug|Any CPU
		{2686442F-33A2-4028-927F-A6B71CFDD534}.Debug|Any CPU.Build.0 = Debug|Any CPU
		{2686442F-33A2-4028-927F-A6B71CFDD534}.Release|Any CPU.ActiveCfg = Release|Any CPU
		{2686442F-33A2-4028-927F-A6B71CFDD534}.Release|Any CPU.Build.0 = Release|Any CPU
		{64665AE8-729D-4744-9950-3F4C1F75749F}.Debug|Any CPU.ActiveCfg = Debug|Any CPU
		{64665AE8-729D-4744-9950-3F4C1F75749F}.Debug|Any CPU.Build.0 = Debug|Any CPU
		{64665AE8-729D-4744-9950-3F4C1F75749F}.Release|Any CPU.ActiveCfg = Release|Any CPU
		{64665AE8-729D-4744-9950-3F4C1F75749F}.Release|Any CPU.Build.0 = Release|Any CPU
		{F4D50974-A7A4-40CE-B91B-96BEE8466D6E}.Debug|Any CPU.ActiveCfg = Debug|Any CPU
		{F4D50974-A7A4-40CE-B91B-96BEE8466D6E}.Debug|Any CPU.Build.0 = Debug|Any CPU
		{F4D50974-A7A4-40CE-B91B-96BEE8466D6E}.Release|Any CPU.ActiveCfg = Release|Any CPU
		{F4D50974-A7A4-40CE-B91B-96BEE8466D6E}.Release|Any CPU.Build.0 = Release|Any CPU
		{4067D978-F133-4F42-92AD-30032EB0A215}.Debug|Any CPU.ActiveCfg = Debug|Any CPU
		{4067D978-F133-4F42-92AD-30032EB0A215}.Debug|Any CPU.Build.0 = Debug|Any CPU
		{4067D978-F133-4F42-92AD-30032EB0A215}.Release|Any CPU.ActiveCfg = Release|Any CPU
		{4067D978-F133-4F42-92AD-30032EB0A215}.Release|Any CPU.Build.0 = Release|Any CPU
		{4DF530A3-3A8F-4670-856F-17D53F442400}.Debug|Any CPU.ActiveCfg = Debug|Any CPU
		{4DF530A3-3A8F-4670-856F-17D53F442400}.Debug|Any CPU.Build.0 = Debug|Any CPU
		{4DF530A3-3A8F-4670-856F-17D53F442400}.Release|Any CPU.ActiveCfg = Release|Any CPU
		{4DF530A3-3A8F-4670-856F-17D53F442400}.Release|Any CPU.Build.0 = Release|Any CPU
		{B58D03BC-479C-490C-8F2F-D2958241B6C8}.Debug|Any CPU.ActiveCfg = Debug|Any CPU
		{B58D03BC-479C-490C-8F2F-D2958241B6C8}.Debug|Any CPU.Build.0 = Debug|Any CPU
		{B58D03BC-479C-490C-8F2F-D2958241B6C8}.Release|Any CPU.ActiveCfg = Release|Any CPU
		{B58D03BC-479C-490C-8F2F-D2958241B6C8}.Release|Any CPU.Build.0 = Release|Any CPU
	EndGlobalSection
	GlobalSection(SolutionProperties) = preSolution
		HideSolutionNode = FALSE
	EndGlobalSection
	GlobalSection(NestedProjects) = preSolution
		{FBD6C701-2AD3-44D9-9268-41DC9A4D8709} = {39B0BAED-594C-4D76-AA92-75CBC53013DD}
		{65D7E0A4-EFE8-4D1C-9C99-FB940B6C50B3} = {39B0BAED-594C-4D76-AA92-75CBC53013DD}
		{B5E7000C-CE33-4887-AEA9-3DCD4ABCA3EF} = {39B0BAED-594C-4D76-AA92-75CBC53013DD}
		{64FB3DF1-FFC9-4D90-B02E-6C7ED48C2B4A} = {39B0BAED-594C-4D76-AA92-75CBC53013DD}
		{A0838055-D951-4DD8-8D50-5AAE6F32D29F} = {39B0BAED-594C-4D76-AA92-75CBC53013DD}
		{AACBF9FD-30CE-4C84-9622-DC7C9D689AD6} = {39B0BAED-594C-4D76-AA92-75CBC53013DD}
		{5A98542E-EBF7-4595-BF9F-9A9361C946DA} = {F184F21A-0499-4782-BB23-5A08B4AB5957}
		{935CBF63-4896-4A4B-9058-B1FFE26672AA} = {F184F21A-0499-4782-BB23-5A08B4AB5957}
		{BFA4A0DD-2F45-4143-9138-CE601A957AE8} = {F184F21A-0499-4782-BB23-5A08B4AB5957}
		{BC906858-EA9B-41F2-BE8F-C42E52322437} = {F184F21A-0499-4782-BB23-5A08B4AB5957}
		{830612A3-6C1A-455D-B034-9B5E228AAA18} = {F184F21A-0499-4782-BB23-5A08B4AB5957}
		{2DF587CA-69BD-4F88-A0C6-8F191007E41C} = {F184F21A-0499-4782-BB23-5A08B4AB5957}
		{FC2C581F-20F1-4081-BF92-36F0AB4D60B6} = {F184F21A-0499-4782-BB23-5A08B4AB5957}
		{2686442F-33A2-4028-927F-A6B71CFDD534} = {F184F21A-0499-4782-BB23-5A08B4AB5957}
		{64665AE8-729D-4744-9950-3F4C1F75749F} = {F184F21A-0499-4782-BB23-5A08B4AB5957}
		{F4D50974-A7A4-40CE-B91B-96BEE8466D6E} = {F184F21A-0499-4782-BB23-5A08B4AB5957}
		{4067D978-F133-4F42-92AD-30032EB0A215} = {F184F21A-0499-4782-BB23-5A08B4AB5957}
		{4DF530A3-3A8F-4670-856F-17D53F442400} = {F184F21A-0499-4782-BB23-5A08B4AB5957}
		{B58D03BC-479C-490C-8F2F-D2958241B6C8} = {F184F21A-0499-4782-BB23-5A08B4AB5957}
	EndGlobalSection
	GlobalSection(ExtensibilityGlobals) = postSolution
		SolutionGuid = {5724747C-09D0-4C77-B6AA-EA64EB0A2EF6}
	EndGlobalSection
EndGlobal
